// !$*UTF8*$!
{
	archiveVersion = 1;
	classes = {
	};
	objectVersion = 46;
	objects = {

/* Begin PBXBuildFile section */
		3ECF9A2D1EDAD4C000921D5E /* AppDelegate.swift in Sources */ = {isa = PBXBuildFile; fileRef = 3ECF9A2C1EDAD4C000921D5E /* AppDelegate.swift */; };
		3ECF9A2F1EDAD4C000921D5E /* ViewController.swift in Sources */ = {isa = PBXBuildFile; fileRef = 3ECF9A2E1EDAD4C000921D5E /* ViewController.swift */; };
		3ECF9A321EDAD4C000921D5E /* Main.storyboard in Resources */ = {isa = PBXBuildFile; fileRef = 3ECF9A301EDAD4C000921D5E /* Main.storyboard */; };
		3ECF9A341EDAD4C000921D5E /* Assets.xcassets in Resources */ = {isa = PBXBuildFile; fileRef = 3ECF9A331EDAD4C000921D5E /* Assets.xcassets */; };
		3ECF9A371EDAD4C000921D5E /* LaunchScreen.storyboard in Resources */ = {isa = PBXBuildFile; fileRef = 3ECF9A351EDAD4C000921D5E /* LaunchScreen.storyboard */; };
/* End PBXBuildFile section */

/* Begin PBXFileReference section */
		3ECF9A291EDAD4C000921D5E /* cityweather.app */ = {isa = PBXFileReference; explicitFileType = wrapper.application; includeInIndex = 0; path = cityweather.app; sourceTree = BUILT_PRODUCTS_DIR; };
		3ECF9A2C1EDAD4C000921D5E /* AppDelegate.swift */ = {isa = PBXFileReference; lastKnownFileType = sourcecode.swift; path = AppDelegate.swift; sourceTree = "<group>"; };
		3ECF9A2E1EDAD4C000921D5E /* ViewController.swift */ = {isa = PBXFileReference; lastKnownFileType = sourcecode.swift; path = ViewController.swift; sourceTree = "<group>"; };
		3ECF9A311EDAD4C000921D5E /* Base */ = {isa = PBXFileReference; lastKnownFileType = file.storyboard; name = Base; path = Base.lproj/Main.storyboard; sourceTree = "<group>"; };
		3ECF9A331EDAD4C000921D5E /* Assets.xcassets */ = {isa = PBXFileReference; lastKnownFileType = folder.assetcatalog; path = Assets.xcassets; sourceTree = "<group>"; };
		3ECF9A361EDAD4C000921D5E /* Base */ = {isa = PBXFileReference; lastKnownFileType = file.storyboard; name = Base; path = Base.lproj/LaunchScreen.storyboard; sourceTree = "<group>"; };
		3ECF9A381EDAD4C000921D5E /* Info.plist */ = {isa = PBXFileReference; lastKnownFileType = text.plist.xml; path = Info.plist; sourceTree = "<group>"; };
/* End PBXFileReference section */

/* Begin PBXFrameworksBuildPhase section */
		3ECF9A261EDAD4C000921D5E /* Frameworks */ = {
			isa = PBXFrameworksBuildPhase;
			buildActionMask = 2147483647;
			files = (
			);
			runOnlyForDeploymentPostprocessing = 0;
		};
/* End PBXFrameworksBuildPhase section */

/* Begin PBXGroup section */
		3ECF9A201EDAD4C000921D5E = {
			isa = PBXGroup;
			children = (
				3ECF9A2B1EDAD4C000921D5E /* cityweather */,
				3ECF9A2A1EDAD4C000921D5E /* Products */,
			);
			sourceTree = "<group>";
		};
		3ECF9A2A1EDAD4C000921D5E /* Products */ = {
			isa = PBXGroup;
			children = (
				3ECF9A291EDAD4C000921D5E /* cityweather.app */,
			);
			name = Products;
			sourceTree = "<group>";
		};
		3ECF9A2B1EDAD4C000921D5E /* cityweather */ = {
			isa = PBXGroup;
			children = (
				3ECF9A2C1EDAD4C000921D5E /* AppDelegate.swift */,
				3ECF9A2E1EDAD4C000921D5E /* ViewController.swift */,
				3ECF9A301EDAD4C000921D5E /* Main.storyboard */,
				3ECF9A331EDAD4C000921D5E /* Assets.xcassets */,
				3ECF9A351EDAD4C000921D5E /* LaunchScreen.storyboard */,
				3ECF9A381EDAD4C000921D5E /* Info.plist */,
			);
			path = cityweather;
			sourceTree = "<group>";
		};
/* End PBXGroup section */

/* Begin PBXNativeTarget section */
		3ECF9A281EDAD4C000921D5E /* cityweather */ = {
			isa = PBXNativeTarget;
			buildConfigurationList = 3ECF9A3B1EDAD4C000921D5E /* Build configuration list for PBXNativeTarget "cityweather" */;
			buildPhases = (
				3ECF9A251EDAD4C000921D5E /* Sources */,
				3ECF9A261EDAD4C000921D5E /* Frameworks */,
				3ECF9A271EDAD4C000921D5E /* Resources */,
			);
			buildRules = (
			);
			dependencies = (
			);
			name = cityweather;
			productName = cityweather;
			productReference = 3ECF9A291EDAD4C000921D5E /* cityweather.app */;
			productType = "com.apple.product-type.application";
		};
/* End PBXNativeTarget section */

/* Begin PBXProject section */
		3ECF9A211EDAD4C000921D5E /* Project object */ = {
			isa = PBXProject;
			attributes = {
				LastSwiftUpdateCheck = 0830;
				LastUpgradeCheck = 0830;
				ORGANIZATIONNAME = "Usman Jamil";
				TargetAttributes = {
					3ECF9A281EDAD4C000921D5E = {
						CreatedOnToolsVersion = 8.3.2;
						DevelopmentTeam = 9JV3P6W3XK;
						ProvisioningStyle = Automatic;
					};
				};
			};
			buildConfigurationList = 3ECF9A241EDAD4C000921D5E /* Build configuration list for PBXProject "cityweather" */;
			compatibilityVersion = "Xcode 3.2";
			developmentRegion = English;
			hasScannedForEncodings = 0;
			knownRegions = (
				en,
				Base,
			);
			mainGroup = 3ECF9A201EDAD4C000921D5E;
			productRefGroup = 3ECF9A2A1EDAD4C000921D5E /* Products */;
			projectDirPath = "";
			projectRoot = "";
			targets = (
				3ECF9A281EDAD4C000921D5E /* cityweather */,
			);
		};
/* End PBXProject section */

/* Begin PBXResourcesBuildPhase section */
		3ECF9A271EDAD4C000921D5E /* Resources */ = {
			isa = PBXResourcesBuildPhase;
			buildActionMask = 2147483647;
			files = (
				3ECF9A371EDAD4C000921D5E /* LaunchScreen.storyboard in Resources */,
				3ECF9A341EDAD4C000921D5E /* Assets.xcassets in Resources */,
				3ECF9A321EDAD4C000921D5E /* Main.storyboard in Resources */,
			);
			runOnlyForDeploymentPostprocessing = 0;
		};
/* End PBXResourcesBuildPhase section */

/* Begin PBXSourcesBuildPhase section */
		3ECF9A251EDAD4C000921D5E /* Sources */ = {
			isa = PBXSourcesBuildPhase;
			buildActionMask = 2147483647;
			files = (
				3ECF9A2F1EDAD4C000921D5E /* ViewController.swift in Sources */,
				3ECF9A2D1EDAD4C000921D5E /* AppDelegate.swift in Sources */,
			);
			runOnlyForDeploymentPostprocessing = 0;
		};
/* End PBXSourcesBuildPhase section */

/* Begin PBXVariantGroup section */
		3ECF9A301EDAD4C000921D5E /* Main.storyboard */ = {
			isa = PBXVariantGroup;
			children = (
				3ECF9A311EDAD4C000921D5E /* Base */,
			);
			name = Main.storyboard;
			sourceTree = "<group>";
		};
		3ECF9A351EDAD4C000921D5E /* LaunchScreen.storyboard */ = {
			isa = PBXVariantGroup;
			children = (
				3ECF9A361EDAD4C000921D5E /* Base */,
			);
			name = LaunchScreen.storyboard;
			sourceTree = "<group>";
		};
/* End PBXVariantGroup section */

/* Begin XCBuildConfiguration section */
		3ECF9A391EDAD4C000921D5E /* Debug */ = {
			isa = XCBuildConfiguration;
			buildSettings = {
				ALWAYS_SEARCH_USER_PATHS = NO;
				CLANG_ANALYZER_NONNULL = YES;
				CLANG_ANALYZER_NUMBER_OBJECT_CONVERSION = YES_AGGRESSIVE;
				CLANG_CXX_LANGUAGE_STANDARD = "gnu++0x";
				CLANG_CXX_LIBRARY = "libc++";
				CLANG_ENABLE_MODULES = YES;
				CLANG_ENABLE_OBJC_ARC = YES;
				CLANG_WARN_BOOL_CONVERSION = YES;
				CLANG_WARN_CONSTANT_CONVERSION = YES;
				CLANG_WARN_DIRECT_OBJC_ISA_USAGE = YES_ERROR;
				CLANG_WARN_DOCUMENTATION_COMMENTS = YES;
				CLANG_WARN_EMPTY_BODY = YES;
				CLANG_WARN_ENUM_CONVERSION = YES;
				CLANG_WARN_INFINITE_RECURSION = YES;
				CLANG_WARN_INT_CONVERSION = YES;
				CLANG_WARN_OBJC_ROOT_CLASS = YES_ERROR;
				CLANG_WARN_SUSPICIOUS_MOVE = YES;
				CLANG_WARN_UNREACHABLE_CODE = YES;
				CLANG_WARN__DUPLICATE_METHOD_MATCH = YES;
				"CODE_SIGN_IDENTITY[sdk=iphoneos*]" = "iPhone Developer";
				COPY_PHASE_STRIP = NO;
				DEBUG_INFORMATION_FORMAT = dwarf;
				ENABLE_STRICT_OBJC_MSGSEND = YES;
				ENABLE_TESTABILITY = YES;
				GCC_C_LANGUAGE_STANDARD = gnu99;
				GCC_DYNAMIC_NO_PIC = NO;
				GCC_NO_COMMON_BLOCKS = YES;
				GCC_OPTIMIZATION_LEVEL = 0;
				GCC_PREPROCESSOR_DEFINITIONS = (
					"DEBUG=1",
					"$(inherited)",
				);
				GCC_WARN_64_TO_32_BIT_CONVERSION = YES;
				GCC_WARN_ABOUT_RETURN_TYPE = YES_ERROR;
				GCC_WARN_UNDECLARED_SELECTOR = YES;
				GCC_WARN_UNINITIALIZED_AUTOS = YES_AGGRESSIVE;
				GCC_WARN_UNUSED_FUNCTION = YES;
				GCC_WARN_UNUSED_VARIABLE = YES;
				IPHONEOS_DEPLOYMENT_TARGET = 10.3;
				MTL_ENABLE_DEBUG_INFO = YES;
				ONLY_ACTIVE_ARCH = YES;
				SDKROOT = iphoneos;
				SWIFT_ACTIVE_COMPILATION_CONDITIONS = DEBUG;
				SWIFT_OPTIMIZATION_LEVEL = "-Onone";
			};
			name = Debug;
		};
		3ECF9A3A1EDAD4C000921D5E /* Release */ = {
			isa = XCBuildConfiguration;
			buildSettings = {
				ALWAYS_SEARCH_USER_PATHS = NO;
				CLANG_ANALYZER_NONNULL = YES;
				CLANG_ANALYZER_NUMBER_OBJECT_CONVERSION = YES_AGGRESSIVE;
				CLANG_CXX_LANGUAGE_STANDARD = "gnu++0x";
				CLANG_CXX_LIBRARY = "libc++";
				CLANG_ENABLE_MODULES = YES;
				CLANG_ENABLE_OBJC_ARC = YES;
				CLANG_WARN_BOOL_CONVERSION = YES;
				CLANG_WARN_CONSTANT_CONVERSION = YES;
				CLANG_WARN_DIRECT_OBJC_ISA_USAGE = YES_ERROR;
				CLANG_WARN_DOCUMENTATION_COMMENTS = YES;
				CLANG_WARN_EMPTY_BODY = YES;
				CLANG_WARN_ENUM_CONVERSION = YES;
				CLANG_WARN_INFINITE_RECURSION = YES;
				CLANG_WARN_INT_CONVERSION = YES;
				CLANG_WARN_OBJC_ROOT_CLASS = YES_ERROR;
				CLANG_WARN_SUSPICIOUS_MOVE = YES;
				CLANG_WARN_UNREACHABLE_CODE = YES;
				CLANG_WARN__DUPLICATE_METHOD_MATCH = YES;
				"CODE_SIGN_IDENTITY[sdk=iphoneos*]" = "iPhone Developer";
				COPY_PHASE_STRIP = NO;
				DEBUG_INFORMATION_FORMAT = "dwarf-with-dsym";
				ENABLE_NS_ASSERTIONS = NO;
				ENABLE_STRICT_OBJC_MSGSEND = YES;
				GCC_C_LANGUAGE_STANDARD = gnu99;
				GCC_NO_COMMON_BLOCKS = YES;
				GCC_WARN_64_TO_32_BIT_CONVERSION = YES;
				GCC_WARN_ABOUT_RETURN_TYPE = YES_ERROR;
				GCC_WARN_UNDECLARED_SELECTOR = YES;
				GCC_WARN_UNINITIALIZED_AUTOS = YES_AGGRESSIVE;
				GCC_WARN_UNUSED_FUNCTION = YES;
				GCC_WARN_UNUSED_VARIABLE = YES;
				IPHONEOS_DEPLOYMENT_TARGET = 10.3;
				MTL_ENABLE_DEBUG_INFO = NO;
				SDKROOT = iphoneos;
				SWIFT_OPTIMIZATION_LEVEL = "-Owholemodule";
				VALIDATE_PRODUCT = YES;
			};
			name = Release;
		};
		3ECF9A3C1EDAD4C000921D5E /* Debug */ = {
			isa = XCBuildConfiguration;
			buildSettings = {
				ASSETCATALOG_COMPILER_APPICON_NAME = AppIcon;
				DEVELOPMENT_TEAM = 9JV3P6W3XK;
				INFOPLIST_FILE = cityweather/Info.plist;
				LD_RUNPATH_SEARCH_PATHS = "$(inherited) @executable_path/Frameworks";
				PRODUCT_BUNDLE_IDENTIFIER = com.usmanjamil.cityweather;
				PRODUCT_NAME = "$(TARGET_NAME)";
				SWIFT_VERSION = 3.0;
			};
			name = Debug;
		};
		3ECF9A3D1EDAD4C000921D5E /* Release */ = {
			isa = XCBuildConfiguration;
			buildSettings = {
				ASSETCATALOG_COMPILER_APPICON_NAME = AppIcon;
				DEVELOPMENT_TEAM = 9JV3P6W3XK;
				INFOPLIST_FILE = cityweather/Info.plist;
				LD_RUNPATH_SEARCH_PATHS = "$(inherited) @executable_path/Frameworks";
				PRODUCT_BUNDLE_IDENTIFIER = com.usmanjamil.cityweather;
				PRODUCT_NAME = "$(TARGET_NAME)";
				SWIFT_VERSION = 3.0;
			};
			name = Release;
		};
/* End XCBuildConfiguration section */

/* Begin XCConfigurationList section */
		3ECF9A241EDAD4C000921D5E /* Build configuration list for PBXProject "cityweather" */ = {
			isa = XCConfigurationList;
			buildConfigurations = (
				3ECF9A391EDAD4C000921D5E /* Debug */,
				3ECF9A3A1EDAD4C000921D5E /* Release */,
			);
			defaultConfigurationIsVisible = 0;
			defaultConfigurationName = Release;
		};
		3ECF9A3B1EDAD4C000921D5E /* Build configuration list for PBXNativeTarget "cityweather" */ = {
			isa = XCConfigurationList;
			buildConfigurations = (
				3ECF9A3C1EDAD4C000921D5E /* Debug */,
				3ECF9A3D1EDAD4C000921D5E /* Release */,
			);
			defaultConfigurationIsVisible = 0;
		};
/* End XCConfigurationList section */
	};
	rootObject = 3ECF9A211EDAD4C000921D5E /* Project object */;
}
